
Microsoft Visual Studio Solution File, Format Version 12.00
# Visual Studio Version 16
VisualStudioVersion = 16.0.31019.35
MinimumVisualStudioVersion = 10.0.40219.1
Project("{FAE04EC0-301F-11D3-BF4B-00C04F79EFBC}") = "BookApp", "BookApp\BookApp.csproj", "{0AB30F39-63B8-4CAB-947B-1268223CF603}"
EndProject
Global
	GlobalSection(SolutionConfigurationPlatforms) = preSolution
		Debug|Any CPU = Debug|Any CPU
		Release|Any CPU = Release|Any CPU
	EndGlobalSection
	GlobalSection(ProjectConfigurationPlatforms) = postSolution
		{0AB30F39-63B8-4CAB-947B-1268223CF603}.Debug|Any CPU.ActiveCfg = Debug|Any CPU
		{0AB30F39-63B8-4CAB-947B-1268223CF603}.Debug|Any CPU.Build.0 = Debug|Any CPU
		{0AB30F39-63B8-4CAB-947B-1268223CF603}.Release|Any CPU.ActiveCfg = Release|Any CPU
		{0AB30F39-63B8-4CAB-947B-1268223CF603}.Release|Any CPU.Build.0 = Release|Any CPU
	EndGlobalSection
	GlobalSection(SolutionProperties) = preSolution
		HideSolutionNode = FALSE
	EndGlobalSection
	GlobalSection(ExtensibilityGlobals) = postSolution
		SolutionGuid = {9F3FFE97-6EBA-460C-8C6C-20BB18DD99B0}
	EndGlobalSection
EndGlobal
